{
  "name": "test",
  "version": "1.0.0",
  "lockfileVersion": 2,
  "requires": true,
  "packages": {
    "": {
      "name": "test",
      "version": "1.0.0",
      "license": "ISC",
      "dependencies": {
        "cashify": "^3.0.1"
      },
      "engines": {
        "node": ">=16.16.0"
      }
    },
    "node_modules/@types/big.js": {
      "version": "6.1.5",
      "resolved": "https://registry.npmjs.org/@types/big.js/-/big.js-6.1.5.tgz",
      "integrity": "sha512-UiWyJ6TLWoHeHZ8VUyngzCOwJDVxTsPnqfAMR/85X93rkRk5A4T2U42BCx0wCmZdtMHGHN/utJ8ft5xWu0V1bA=="
    },
    "node_modules/cashify": {
      "version": "3.0.1",
      "resolved": "https://registry.npmjs.org/cashify/-/cashify-3.0.1.tgz",
      "integrity": "sha512-cwbMRr9M8LIaOHHBiXpWVBmKjbNKcvDd9QdDmIfUz7/rxufbxrfNSj7nqYcpBddcx22mXKIpx0Lq5+zwq92ekQ==",
      "dependencies": {
        "@types/big.js": "^6.1.2"
      },
      "engines": {
        "node": ">=14"
      },
      "funding": {
        "type": "opencollective",
        "url": "https://opencollective.com/cashify"
      },
      "peerDependencies": {
        "big.js": ">=6.1.1"
      },
      "peerDependenciesMeta": {
        "big.js": {
          "optional": true
        }
      }
    }
  },
  "dependencies": {
    "@types/big.js": {
      "version": "6.1.5",
      "resolved": "https://registry.npmjs.org/@types/big.js/-/big.js-6.1.5.tgz",
      "integrity": "sha512-UiWyJ6TLWoHeHZ8VUyngzCOwJDVxTsPnqfAMR/85X93rkRk5A4T2U42BCx0wCmZdtMHGHN/utJ8ft5xWu0V1bA=="
    },
    "cashify": {
      "version": "3.0.1",
      "resolved": "https://registry.npmjs.org/cashify/-/cashify-3.0.1.tgz",
      "integrity": "sha512-cwbMRr9M8LIaOHHBiXpWVBmKjbNKcvDd9QdDmIfUz7/rxufbxrfNSj7nqYcpBddcx22mXKIpx0Lq5+zwq92ekQ==",
      "requires": {
        "@types/big.js": "^6.1.2"
      }
    }
  }
}
